// !$*UTF8*$!
{
	archiveVersion = 1;
	classes = {
	};
	objectVersion = 46;
	objects = {

/* Begin PBXBuildFile section */
		CA184D231DD63E4C000F2B5C /* main.m in Sources */ = {isa = PBXBuildFile; fileRef = CA184D221DD63E4C000F2B5C /* main.m */; };
		CA184D261DD63E4C000F2B5C /* AppDelegate.m in Sources */ = {isa = PBXBuildFile; fileRef = CA184D251DD63E4C000F2B5C /* AppDelegate.m */; };
		CA184D291DD63E4C000F2B5C /* ViewController.m in Sources */ = {isa = PBXBuildFile; fileRef = CA184D281DD63E4C000F2B5C /* ViewController.m */; };
		CA184D2C1DD63E4C000F2B5C /* Main.storyboard in Resources */ = {isa = PBXBuildFile; fileRef = CA184D2A1DD63E4C000F2B5C /* Main.storyboard */; };
		CA184D2E1DD63E4C000F2B5C /* Assets.xcassets in Resources */ = {isa = PBXBuildFile; fileRef = CA184D2D1DD63E4C000F2B5C /* Assets.xcassets */; };
		CA184D311DD63E4C000F2B5C /* LaunchScreen.storyboard in Resources */ = {isa = PBXBuildFile; fileRef = CA184D2F1DD63E4C000F2B5C /* LaunchScreen.storyboard */; };
		CA184D3A1DD63EEF000F2B5C /* Drawing.m in Sources */ = {isa = PBXBuildFile; fileRef = CA184D391DD63EEF000F2B5C /* Drawing.m */; };
		CA184D401DD661AE000F2B5C /* PaintPoint.m in Sources */ = {isa = PBXBuildFile; fileRef = CA184D3F1DD661AE000F2B5C /* PaintPoint.m */; };
		CA184D461DD665D4000F2B5C /* Line.m in Sources */ = {isa = PBXBuildFile; fileRef = CA184D451DD665D4000F2B5C /* Line.m */; };
		CA184D491DD67ECA000F2B5C /* Lines.m in Sources */ = {isa = PBXBuildFile; fileRef = CA184D481DD67ECA000F2B5C /* Lines.m */; };
/* End PBXBuildFile section */

/* Begin PBXFileReference section */
		CA184D1E1DD63E4C000F2B5C /* FIngerPaint.app */ = {isa = PBXFileReference; explicitFileType = wrapper.application; includeInIndex = 0; path = FIngerPaint.app; sourceTree = BUILT_PRODUCTS_DIR; };
		CA184D221DD63E4C000F2B5C /* main.m */ = {isa = PBXFileReference; lastKnownFileType = sourcecode.c.objc; path = main.m; sourceTree = "<group>"; };
		CA184D241DD63E4C000F2B5C /* AppDelegate.h */ = {isa = PBXFileReference; lastKnownFileType = sourcecode.c.h; path = AppDelegate.h; sourceTree = "<group>"; };
		CA184D251DD63E4C000F2B5C /* AppDelegate.m */ = {isa = PBXFileReference; lastKnownFileType = sourcecode.c.objc; path = AppDelegate.m; sourceTree = "<group>"; };
		CA184D271DD63E4C000F2B5C /* ViewController.h */ = {isa = PBXFileReference; lastKnownFileType = sourcecode.c.h; path = ViewController.h; sourceTree = "<group>"; };
		CA184D281DD63E4C000F2B5C /* ViewController.m */ = {isa = PBXFileReference; lastKnownFileType = sourcecode.c.objc; path = ViewController.m; sourceTree = "<group>"; };
		CA184D2B1DD63E4C000F2B5C /* Base */ = {isa = PBXFileReference; lastKnownFileType = file.storyboard; name = Base; path = Base.lproj/Main.storyboard; sourceTree = "<group>"; };
		CA184D2D1DD63E4C000F2B5C /* Assets.xcassets */ = {isa = PBXFileReference; lastKnownFileType = folder.assetcatalog; path = Assets.xcassets; sourceTree = "<group>"; };
		CA184D301DD63E4C000F2B5C /* Base */ = {isa = PBXFileReference; lastKnownFileType = file.storyboard; name = Base; path = Base.lproj/LaunchScreen.storyboard; sourceTree = "<group>"; };
		CA184D321DD63E4C000F2B5C /* Info.plist */ = {isa = PBXFileReference; lastKnownFileType = text.plist.xml; path = Info.plist; sourceTree = "<group>"; };
		CA184D381DD63EEF000F2B5C /* Drawing.h */ = {isa = PBXFileReference; fileEncoding = 4; lastKnownFileType = sourcecode.c.h; path = Drawing.h; sourceTree = "<group>"; };
		CA184D391DD63EEF000F2B5C /* Drawing.m */ = {isa = PBXFileReference; fileEncoding = 4; lastKnownFileType = sourcecode.c.objc; path = Drawing.m; sourceTree = "<group>"; };
		CA184D3E1DD661AE000F2B5C /* PaintPoint.h */ = {isa = PBXFileReference; fileEncoding = 4; lastKnownFileType = sourcecode.c.h; name = PaintPoint.h; path = ../PaintPoint.h; sourceTree = "<group>"; };
		CA184D3F1DD661AE000F2B5C /* PaintPoint.m */ = {isa = PBXFileReference; fileEncoding = 4; lastKnownFileType = sourcecode.c.objc; name = PaintPoint.m; path = ../PaintPoint.m; sourceTree = "<group>"; };
		CA184D441DD665D4000F2B5C /* Line.h */ = {isa = PBXFileReference; fileEncoding = 4; lastKnownFileType = sourcecode.c.h; path = Line.h; sourceTree = "<group>"; };
		CA184D451DD665D4000F2B5C /* Line.m */ = {isa = PBXFileReference; fileEncoding = 4; lastKnownFileType = sourcecode.c.objc; path = Line.m; sourceTree = "<group>"; };
		CA184D471DD67ECA000F2B5C /* Lines.h */ = {isa = PBXFileReference; fileEncoding = 4; lastKnownFileType = sourcecode.c.h; path = Lines.h; sourceTree = "<group>"; };
		CA184D481DD67ECA000F2B5C /* Lines.m */ = {isa = PBXFileReference; fileEncoding = 4; lastKnownFileType = sourcecode.c.objc; path = Lines.m; sourceTree = "<group>"; };
/* End PBXFileReference section */

/* Begin PBXFrameworksBuildPhase section */
		CA184D1B1DD63E4C000F2B5C /* Frameworks */ = {
			isa = PBXFrameworksBuildPhase;
			buildActionMask = 2147483647;
			files = (
			);
			runOnlyForDeploymentPostprocessing = 0;
		};
/* End PBXFrameworksBuildPhase section */

/* Begin PBXGroup section */
		CA184D151DD63E4C000F2B5C = {
			isa = PBXGroup;
			children = (
				CA184D201DD63E4C000F2B5C /* FIngerPaint */,
				CA184D1F1DD63E4C000F2B5C /* Products */,
			);
			sourceTree = "<group>";
		};
		CA184D1F1DD63E4C000F2B5C /* Products */ = {
			isa = PBXGroup;
			children = (
				CA184D1E1DD63E4C000F2B5C /* FIngerPaint.app */,
			);
			name = Products;
			sourceTree = "<group>";
		};
		CA184D201DD63E4C000F2B5C /* FIngerPaint */ = {
			isa = PBXGroup;
			children = (
				CA184D241DD63E4C000F2B5C /* AppDelegate.h */,
				CA184D251DD63E4C000F2B5C /* AppDelegate.m */,
				CA184D271DD63E4C000F2B5C /* ViewController.h */,
				CA184D281DD63E4C000F2B5C /* ViewController.m */,
				CA184D3E1DD661AE000F2B5C /* PaintPoint.h */,
				CA184D3F1DD661AE000F2B5C /* PaintPoint.m */,
				CA184D441DD665D4000F2B5C /* Line.h */,
				CA184D451DD665D4000F2B5C /* Line.m */,
				CA184D471DD67ECA000F2B5C /* Lines.h */,
				CA184D481DD67ECA000F2B5C /* Lines.m */,
				CA184D381DD63EEF000F2B5C /* Drawing.h */,
				CA184D391DD63EEF000F2B5C /* Drawing.m */,
				CA184D2A1DD63E4C000F2B5C /* Main.storyboard */,
				CA184D2D1DD63E4C000F2B5C /* Assets.xcassets */,
				CA184D2F1DD63E4C000F2B5C /* LaunchScreen.storyboard */,
				CA184D321DD63E4C000F2B5C /* Info.plist */,
				CA184D211DD63E4C000F2B5C /* Supporting Files */,
			);
			path = FIngerPaint;
			sourceTree = "<group>";
		};
		CA184D211DD63E4C000F2B5C /* Supporting Files */ = {
			isa = PBXGroup;
			children = (
				CA184D221DD63E4C000F2B5C /* main.m */,
			);
			name = "Supporting Files";
			sourceTree = "<group>";
		};
/* End PBXGroup section */

/* Begin PBXNativeTarget section */
		CA184D1D1DD63E4C000F2B5C /* FIngerPaint */ = {
			isa = PBXNativeTarget;
			buildConfigurationList = CA184D351DD63E4C000F2B5C /* Build configuration list for PBXNativeTarget "FIngerPaint" */;
			buildPhases = (
				CA184D1A1DD63E4C000F2B5C /* Sources */,
				CA184D1B1DD63E4C000F2B5C /* Frameworks */,
				CA184D1C1DD63E4C000F2B5C /* Resources */,
			);
			buildRules = (
			);
			dependencies = (
			);
			name = FIngerPaint;
			productName = FIngerPaint;
			productReference = CA184D1E1DD63E4C000F2B5C /* FIngerPaint.app */;
			productType = "com.apple.product-type.application";
		};
/* End PBXNativeTarget section */

/* Begin PBXProject section */
		CA184D161DD63E4C000F2B5C /* Project object */ = {
			isa = PBXProject;
			attributes = {
				LastUpgradeCheck = 0810;
				ORGANIZATIONNAME = "Hamza Lakhani";
				TargetAttributes = {
					CA184D1D1DD63E4C000F2B5C = {
						CreatedOnToolsVersion = 8.1;
						DevelopmentTeam = 4BHA7KMB9T;
						ProvisioningStyle = Automatic;
					};
				};
			};
			buildConfigurationList = CA184D191DD63E4C000F2B5C /* Build configuration list for PBXProject "FIngerPaint" */;
			compatibilityVersion = "Xcode 3.2";
			developmentRegion = English;
			hasScannedForEncodings = 0;
			knownRegions = (
				en,
				Base,
			);
			mainGroup = CA184D151DD63E4C000F2B5C;
			productRefGroup = CA184D1F1DD63E4C000F2B5C /* Products */;
			projectDirPath = "";
			projectRoot = "";
			targets = (
				CA184D1D1DD63E4C000F2B5C /* FIngerPaint */,
			);
		};
/* End PBXProject section */

/* Begin PBXResourcesBuildPhase section */
		CA184D1C1DD63E4C000F2B5C /* Resources */ = {
			isa = PBXResourcesBuildPhase;
			buildActionMask = 2147483647;
			files = (
				CA184D311DD63E4C000F2B5C /* LaunchScreen.storyboard in Resources */,
				CA184D2E1DD63E4C000F2B5C /* Assets.xcassets in Resources */,
				CA184D2C1DD63E4C000F2B5C /* Main.storyboard in Resources */,
			);
			runOnlyForDeploymentPostprocessing = 0;
		};
/* End PBXResourcesBuildPhase section */

/* Begin PBXSourcesBuildPhase section */
		CA184D1A1DD63E4C000F2B5C /* Sources */ = {
			isa = PBXSourcesBuildPhase;
			buildActionMask = 2147483647;
			files = (
				CA184D461DD665D4000F2B5C /* Line.m in Sources */,
				CA184D3A1DD63EEF000F2B5C /* Drawing.m in Sources */,
				CA184D291DD63E4C000F2B5C /* ViewController.m in Sources */,
				CA184D261DD63E4C000F2B5C /* AppDelegate.m in Sources */,
				CA184D491DD67ECA000F2B5C /* Lines.m in Sources */,
				CA184D401DD661AE000F2B5C /* PaintPoint.m in Sources */,
				CA184D231DD63E4C000F2B5C /* main.m in Sources */,
			);
			runOnlyForDeploymentPostprocessing = 0;
		};
/* End PBXSourcesBuildPhase section */

/* Begin PBXVariantGroup section */
		CA184D2A1DD63E4C000F2B5C /* Main.storyboard */ = {
			isa = PBXVariantGroup;
			children = (
				CA184D2B1DD63E4C000F2B5C /* Base */,
			);
			name = Main.storyboard;
			sourceTree = "<group>";
		};
		CA184D2F1DD63E4C000F2B5C /* LaunchScreen.storyboard */ = {
			isa = PBXVariantGroup;
			children = (
				CA184D301DD63E4C000F2B5C /* Base */,
			);
			name = LaunchScreen.storyboard;
			sourceTree = "<group>";
		};
/* End PBXVariantGroup section */

/* Begin XCBuildConfiguration section */
		CA184D331DD63E4C000F2B5C /* Debug */ = {
			isa = XCBuildConfiguration;
			buildSettings = {
				ALWAYS_SEARCH_USER_PATHS = NO;
				CLANG_ANALYZER_NONNULL = YES;
				CLANG_CXX_LANGUAGE_STANDARD = "gnu++0x";
				CLANG_CXX_LIBRARY = "libc++";
				CLANG_ENABLE_MODULES = YES;
				CLANG_ENABLE_OBJC_ARC = YES;
				CLANG_WARN_BOOL_CONVERSION = YES;
				CLANG_WARN_CONSTANT_CONVERSION = YES;
				CLANG_WARN_DIRECT_OBJC_ISA_USAGE = YES_ERROR;
				CLANG_WARN_DOCUMENTATION_COMMENTS = YES;
				CLANG_WARN_EMPTY_BODY = YES;
				CLANG_WARN_ENUM_CONVERSION = YES;
				CLANG_WARN_INFINITE_RECURSION = YES;
				CLANG_WARN_INT_CONVERSION = YES;
				CLANG_WARN_OBJC_ROOT_CLASS = YES_ERROR;
				CLANG_WARN_SUSPICIOUS_MOVES = YES;
				CLANG_WARN_UNREACHABLE_CODE = YES;
				CLANG_WARN__DUPLICATE_METHOD_MATCH = YES;
				"CODE_SIGN_IDENTITY[sdk=iphoneos*]" = "iPhone Developer";
				COPY_PHASE_STRIP = NO;
				DEBUG_INFORMATION_FORMAT = dwarf;
				ENABLE_STRICT_OBJC_MSGSEND = YES;
				ENABLE_TESTABILITY = YES;
				GCC_C_LANGUAGE_STANDARD = gnu99;
				GCC_DYNAMIC_NO_PIC = NO;
				GCC_NO_COMMON_BLOCKS = YES;
				GCC_OPTIMIZATION_LEVEL = 0;
				GCC_PREPROCESSOR_DEFINITIONS = (
					"DEBUG=1",
					"$(inherited)",
				);
				GCC_WARN_64_TO_32_BIT_CONVERSION = YES;
				GCC_WARN_ABOUT_RETURN_TYPE = YES_ERROR;
				GCC_WARN_UNDECLARED_SELECTOR = YES;
				GCC_WARN_UNINITIALIZED_AUTOS = YES_AGGRESSIVE;
				GCC_WARN_UNUSED_FUNCTION = YES;
				GCC_WARN_UNUSED_VARIABLE = YES;
				IPHONEOS_DEPLOYMENT_TARGET = 10.1;
				MTL_ENABLE_DEBUG_INFO = YES;
				ONLY_ACTIVE_ARCH = YES;
				SDKROOT = iphoneos;
			};
			name = Debug;
		};
		CA184D341DD63E4C000F2B5C /* Release */ = {
			isa = XCBuildConfiguration;
			buildSettings = {
				ALWAYS_SEARCH_USER_PATHS = NO;
				CLANG_ANALYZER_NONNULL = YES;
				CLANG_CXX_LANGUAGE_STANDARD = "gnu++0x";
				CLANG_CXX_LIBRARY = "libc++";
				CLANG_ENABLE_MODULES = YES;
				CLANG_ENABLE_OBJC_ARC = YES;
				CLANG_WARN_BOOL_CONVERSION = YES;
				CLANG_WARN_CONSTANT_CONVERSION = YES;
				CLANG_WARN_DIRECT_OBJC_ISA_USAGE = YES_ERROR;
				CLANG_WARN_DOCUMENTATION_COMMENTS = YES;
				CLANG_WARN_EMPTY_BODY = YES;
				CLANG_WARN_ENUM_CONVERSION = YES;
				CLANG_WARN_INFINITE_RECURSION = YES;
				CLANG_WARN_INT_CONVERSION = YES;
				CLANG_WARN_OBJC_ROOT_CLASS = YES_ERROR;
				CLANG_WARN_SUSPICIOUS_MOVES = YES;
				CLANG_WARN_UNREACHABLE_CODE = YES;
				CLANG_WARN__DUPLICATE_METHOD_MATCH = YES;
				"CODE_SIGN_IDENTITY[sdk=iphoneos*]" = "iPhone Developer";
				COPY_PHASE_STRIP = NO;
				DEBUG_INFORMATION_FORMAT = "dwarf-with-dsym";
				ENABLE_NS_ASSERTIONS = NO;
				ENABLE_STRICT_OBJC_MSGSEND = YES;
				GCC_C_LANGUAGE_STANDARD = gnu99;
				GCC_NO_COMMON_BLOCKS = YES;
				GCC_WARN_64_TO_32_BIT_CONVERSION = YES;
				GCC_WARN_ABOUT_RETURN_TYPE = YES_ERROR;
				GCC_WARN_UNDECLARED_SELECTOR = YES;
				GCC_WARN_UNINITIALIZED_AUTOS = YES_AGGRESSIVE;
				GCC_WARN_UNUSED_FUNCTION = YES;
				GCC_WARN_UNUSED_VARIABLE = YES;
				IPHONEOS_DEPLOYMENT_TARGET = 10.1;
				MTL_ENABLE_DEBUG_INFO = NO;
				SDKROOT = iphoneos;
				VALIDATE_PRODUCT = YES;
			};
			name = Release;
		};
		CA184D361DD63E4C000F2B5C /* Debug */ = {
			isa = XCBuildConfiguration;
			buildSettings = {
				ASSETCATALOG_COMPILER_APPICON_NAME = AppIcon;
				DEVELOPMENT_TEAM = 4BHA7KMB9T;
				INFOPLIST_FILE = FIngerPaint/Info.plist;
				LD_RUNPATH_SEARCH_PATHS = "$(inherited) @executable_path/Frameworks";
				PRODUCT_BUNDLE_IDENTIFIER = hamzalakhani.FIngerPaint;
				PRODUCT_NAME = "$(TARGET_NAME)";
			};
			name = Debug;
		};
		CA184D371DD63E4C000F2B5C /* Release */ = {
			isa = XCBuildConfiguration;
			buildSettings = {
				ASSETCATALOG_COMPILER_APPICON_NAME = AppIcon;
				DEVELOPMENT_TEAM = 4BHA7KMB9T;
				INFOPLIST_FILE = FIngerPaint/Info.plist;
				LD_RUNPATH_SEARCH_PATHS = "$(inherited) @executable_path/Frameworks";
				PRODUCT_BUNDLE_IDENTIFIER = hamzalakhani.FIngerPaint;
				PRODUCT_NAME = "$(TARGET_NAME)";
			};
			name = Release;
		};
/* End XCBuildConfiguration section */

/* Begin XCConfigurationList section */
		CA184D191DD63E4C000F2B5C /* Build configuration list for PBXProject "FIngerPaint" */ = {
			isa = XCConfigurationList;
			buildConfigurations = (
				CA184D331DD63E4C000F2B5C /* Debug */,
				CA184D341DD63E4C000F2B5C /* Release */,
			);
			defaultConfigurationIsVisible = 0;
			defaultConfigurationName = Release;
		};
		CA184D351DD63E4C000F2B5C /* Build configuration list for PBXNativeTarget "FIngerPaint" */ = {
			isa = XCConfigurationList;
			buildConfigurations = (
				CA184D361DD63E4C000F2B5C /* Debug */,
				CA184D371DD63E4C000F2B5C /* Release */,
			);
			defaultConfigurationIsVisible = 0;
		};
/* End XCConfigurationList section */
	};
	rootObject = CA184D161DD63E4C000F2B5C /* Project object */;
}
